PODS:
  - Charts (3.0.2):
    - Charts/Core (= 3.0.2)
  - Charts/Core (3.0.2)
  - GoogleMaps (2.3.1):
    - GoogleMaps/Maps (= 2.3.1)
  - GoogleMaps/Base (2.3.1)
  - GoogleMaps/Maps (2.3.1):
    - GoogleMaps/Base
  - GooglePlaces (2.3.1):
    - GoogleMaps/Base (= 2.3.1)
  - SVProgressHUD (2.1.2)

DEPENDENCIES:
  - Charts
  - GoogleMaps
  - GooglePlaces
  - SVProgressHUD

SPEC CHECKSUMS:
  Charts: 236d6ccdd0ce6feae151d89e829a7397381a21fd
  GoogleMaps: c66a71058b9b1294bcdd5463a68e357fa50c079f
  GooglePlaces: 4a7b22debfa1af65017b82943431822607e45201
  SVProgressHUD: c404a55d78acbeb7ebb78b76d3faf986475a6994

PODFILE CHECKSUM: edc67d5ac498670dd11b0d19a7aac51c65e7fa73

COCOAPODS: 1.2.0
